
Microsoft Visual Studio Solution File, Format Version 12.00
# Visual Studio Version 17
VisualStudioVersion = 17.5.002.0
MinimumVisualStudioVersion = 10.0.40219.1
Project("{9A19103F-16F7-4668-BE54-9A1E7A4F7556}") = "DesignPatterns.Factory", "DesignPatterns.Factory\DesignPatterns.Factory.csproj", "{01B891BD-9CBA-43DE-B8FA-C6273B86D4FB}"
EndProject
Project("{FAE04EC0-301F-11D3-BF4B-00C04F79EFBC}") = "DesignPatterns.Observer", "DesignPatterns.Observer\DesignPatterns.Observer.csproj", "{EB8874FF-3375-4E08-A54E-1AE3C3E8E487}"
EndProject
Global
	GlobalSection(SolutionConfigurationPlatforms) = preSolution
		Debug|Any CPU = Debug|Any CPU
		Release|Any CPU = Release|Any CPU
	EndGlobalSection
	GlobalSection(ProjectConfigurationPlatforms) = postSolution
		{01B891BD-9CBA-43DE-B8FA-C6273B86D4FB}.Debug|Any CPU.ActiveCfg = Debug|Any CPU
		{01B891BD-9CBA-43DE-B8FA-C6273B86D4FB}.Debug|Any CPU.Build.0 = Debug|Any CPU
		{01B891BD-9CBA-43DE-B8FA-C6273B86D4FB}.Release|Any CPU.ActiveCfg = Release|Any CPU
		{01B891BD-9CBA-43DE-B8FA-C6273B86D4FB}.Release|Any CPU.Build.0 = Release|Any CPU
		{EB8874FF-3375-4E08-A54E-1AE3C3E8E487}.Debug|Any CPU.ActiveCfg = Debug|Any CPU
		{EB8874FF-3375-4E08-A54E-1AE3C3E8E487}.Debug|Any CPU.Build.0 = Debug|Any CPU
		{EB8874FF-3375-4E08-A54E-1AE3C3E8E487}.Release|Any CPU.ActiveCfg = Release|Any CPU
		{EB8874FF-3375-4E08-A54E-1AE3C3E8E487}.Release|Any CPU.Build.0 = Release|Any CPU
	EndGlobalSection
	GlobalSection(SolutionProperties) = preSolution
		HideSolutionNode = FALSE
	EndGlobalSection
	GlobalSection(ExtensibilityGlobals) = postSolution
		SolutionGuid = {C45FB585-CCD1-401A-8387-037BB12BC143}
	EndGlobalSection
EndGlobal
